
Microsoft Visual Studio Solution File, Format Version 12.00
# Visual Studio Version 16
VisualStudioVersion = 16.0.29306.81
MinimumVisualStudioVersion = 10.0.40219.1
Project("{FAE04EC0-301F-11D3-BF4B-00C04F79EFBC}") = "TilosAzureMvc", "TilosAzureMvc.csproj", "{FF3F3C40-BF0C-47C4-AD4D-D809CE790953}"
EndProject
Global
	GlobalSection(SolutionConfigurationPlatforms) = preSolution
		Debug|Any CPU = Debug|Any CPU
		Release|Any CPU = Release|Any CPU
	EndGlobalSection
	GlobalSection(ProjectConfigurationPlatforms) = postSolution
		{FF3F3C40-BF0C-47C4-AD4D-D809CE790953}.Debug|Any CPU.ActiveCfg = Debug|Any CPU
		{FF3F3C40-BF0C-47C4-AD4D-D809CE790953}.Debug|Any CPU.Build.0 = Debug|Any CPU
		{FF3F3C40-BF0C-47C4-AD4D-D809CE790953}.Release|Any CPU.ActiveCfg = Release|Any CPU
		{FF3F3C40-BF0C-47C4-AD4D-D809CE790953}.Release|Any CPU.Build.0 = Release|Any CPU
	EndGlobalSection
	GlobalSection(SolutionProperties) = preSolution
		HideSolutionNode = FALSE
	EndGlobalSection
	GlobalSection(ExtensibilityGlobals) = postSolution
		SolutionGuid = {987204BB-9AEB-4382-BB07-66A69015C53D}
	EndGlobalSection
EndGlobal
